{
  "name": "Mememuc Launcher",
  "version": "1.0.0",
  "lockfileVersion": 2,
  "requires": true,
  "packages": {
    "": {
      "name": "Mememuc Launcher",
      "version": "1.0.0",
      "license": "ISC",
      "devDependencies": {
        "pnpm": "^8.10.4"
      }
    },
    "node_modules/pnpm": {
      "version": "8.10.4",
      "resolved": "https://registry.npmjs.org/pnpm/-/pnpm-8.10.4.tgz",
      "integrity": "sha512-KH7bZKf5dYOIhK80/tKuRqbwbD9Khkd59TP0OES/Wr8yJqBKQnhQSrEYYRpxDW4XFLUnKhoxLy5vJTz1h7mlVA==",
      "dev": true,
      "bin": {
        "pnpm": "bin/pnpm.cjs",
        "pnpx": "bin/pnpx.cjs"
      },
      "engines": {
        "node": ">=16.14"
      },
      "funding": {
        "url": "https://opencollective.com/pnpm"
      }
    }
  },
  "dependencies": {
    "pnpm": {
      "version": "8.10.4",
      "resolved": "https://registry.npmjs.org/pnpm/-/pnpm-8.10.4.tgz",
      "integrity": "sha512-KH7bZKf5dYOIhK80/tKuRqbwbD9Khkd59TP0OES/Wr8yJqBKQnhQSrEYYRpxDW4XFLUnKhoxLy5vJTz1h7mlVA==",
      "dev": true
    }
  }
}
